
Microsoft Visual Studio Solution File, Format Version 12.00
# Visual Studio Version 17
VisualStudioVersion = 17.3.32825.248
MinimumVisualStudioVersion = 10.0.40219.1
Project("{FAE04EC0-301F-11D3-BF4B-00C04F79EFBC}") = "inheritance", "inheritance.csproj", "{7209887B-E3E0-4038-8F57-89D5F904006F}"
EndProject
Global
	GlobalSection(SolutionConfigurationPlatforms) = preSolution
		Debug|Any CPU = Debug|Any CPU
		Release|Any CPU = Release|Any CPU
	EndGlobalSection
	GlobalSection(ProjectConfigurationPlatforms) = postSolution
		{7209887B-E3E0-4038-8F57-89D5F904006F}.Debug|Any CPU.ActiveCfg = Debug|Any CPU
		{7209887B-E3E0-4038-8F57-89D5F904006F}.Debug|Any CPU.Build.0 = Debug|Any CPU
		{7209887B-E3E0-4038-8F57-89D5F904006F}.Release|Any CPU.ActiveCfg = Release|Any CPU
		{7209887B-E3E0-4038-8F57-89D5F904006F}.Release|Any CPU.Build.0 = Release|Any CPU
	EndGlobalSection
	GlobalSection(SolutionProperties) = preSolution
		HideSolutionNode = FALSE
	EndGlobalSection
	GlobalSection(ExtensibilityGlobals) = postSolution
		SolutionGuid = {86235025-D93D-4A14-9C97-F5E0844A8FAF}
	EndGlobalSection
EndGlobal
