
Microsoft Visual Studio Solution File, Format Version 12.00
# Visual Studio Version 17
VisualStudioVersion = 17.2.32630.192
MinimumVisualStudioVersion = 10.0.40219.1
Project("{FAE04EC0-301F-11D3-BF4B-00C04F79EFBC}") = "BinaryTreeButWithStackThisTime", "BinaryTreeButWithStackThisTime.csproj", "{86A2C140-7A27-40BA-A1AC-BAD29F72F221}"
EndProject
Global
	GlobalSection(SolutionConfigurationPlatforms) = preSolution
		Debug|Any CPU = Debug|Any CPU
		Release|Any CPU = Release|Any CPU
	EndGlobalSection
	GlobalSection(ProjectConfigurationPlatforms) = postSolution
		{86A2C140-7A27-40BA-A1AC-BAD29F72F221}.Debug|Any CPU.ActiveCfg = Debug|Any CPU
		{86A2C140-7A27-40BA-A1AC-BAD29F72F221}.Debug|Any CPU.Build.0 = Debug|Any CPU
		{86A2C140-7A27-40BA-A1AC-BAD29F72F221}.Release|Any CPU.ActiveCfg = Release|Any CPU
		{86A2C140-7A27-40BA-A1AC-BAD29F72F221}.Release|Any CPU.Build.0 = Release|Any CPU
	EndGlobalSection
	GlobalSection(SolutionProperties) = preSolution
		HideSolutionNode = FALSE
	EndGlobalSection
	GlobalSection(ExtensibilityGlobals) = postSolution
		SolutionGuid = {7644153E-0600-4F60-AA6D-B786A55A9716}
	EndGlobalSection
EndGlobal
