
Microsoft Visual Studio Solution File, Format Version 12.00
# Visual Studio Version 17
VisualStudioVersion = 17.3.32825.248
MinimumVisualStudioVersion = 10.0.40219.1
Project("{FAE04EC0-301F-11D3-BF4B-00C04F79EFBC}") = "LinearandBinarysearches", "LinearandBinarysearches.csproj", "{6010E6C6-D667-4AE6-92DB-4979880C2EA1}"
EndProject
Global
	GlobalSection(SolutionConfigurationPlatforms) = preSolution
		Debug|Any CPU = Debug|Any CPU
		Release|Any CPU = Release|Any CPU
	EndGlobalSection
	GlobalSection(ProjectConfigurationPlatforms) = postSolution
		{6010E6C6-D667-4AE6-92DB-4979880C2EA1}.Debug|Any CPU.ActiveCfg = Debug|Any CPU
		{6010E6C6-D667-4AE6-92DB-4979880C2EA1}.Debug|Any CPU.Build.0 = Debug|Any CPU
		{6010E6C6-D667-4AE6-92DB-4979880C2EA1}.Release|Any CPU.ActiveCfg = Release|Any CPU
		{6010E6C6-D667-4AE6-92DB-4979880C2EA1}.Release|Any CPU.Build.0 = Release|Any CPU
	EndGlobalSection
	GlobalSection(SolutionProperties) = preSolution
		HideSolutionNode = FALSE
	EndGlobalSection
	GlobalSection(ExtensibilityGlobals) = postSolution
		SolutionGuid = {D63059F6-8C42-49CB-A3C6-3D33E3164B71}
	EndGlobalSection
EndGlobal
